
Microsoft Visual Studio Solution File, Format Version 12.00
# Visual Studio 2013
VisualStudioVersion = 12.0.31101.0
MinimumVisualStudioVersion = 10.0.40219.1
Project("{2150E333-8FDC-42A3-9474-1A3956D46DE8}") = "Core", "Core", "{DB6739EE-2B44-43C7-B62D-E4D28A935C3B}"
EndProject
Project("{FAE04EC0-301F-11D3-BF4B-00C04F79EFBC}") = "DvachBrowser3.Core", "DvachBrowser3.Core\DvachBrowser3.Core.csproj", "{B605DA58-F366-4CA7-AF30-041A2A311A25}"
EndProject
Project("{2150E333-8FDC-42A3-9474-1A3956D46DE8}") = "Program", "Program", "{E973B5D7-CF76-4571-825D-849E7A01A7AD}"
EndProject
Global
	GlobalSection(SolutionConfigurationPlatforms) = preSolution
		Debug|Any CPU = Debug|Any CPU
		Debug|ARM = Debug|ARM
		Debug|x64 = Debug|x64
		Debug|x86 = Debug|x86
		Release|Any CPU = Release|Any CPU
		Release|ARM = Release|ARM
		Release|x64 = Release|x64
		Release|x86 = Release|x86
	EndGlobalSection
	GlobalSection(ProjectConfigurationPlatforms) = postSolution
		{B605DA58-F366-4CA7-AF30-041A2A311A25}.Debug|Any CPU.ActiveCfg = Debug|Any CPU
		{B605DA58-F366-4CA7-AF30-041A2A311A25}.Debug|Any CPU.Build.0 = Debug|Any CPU
		{B605DA58-F366-4CA7-AF30-041A2A311A25}.Debug|ARM.ActiveCfg = Debug|Any CPU
		{B605DA58-F366-4CA7-AF30-041A2A311A25}.Debug|x64.ActiveCfg = Debug|Any CPU
		{B605DA58-F366-4CA7-AF30-041A2A311A25}.Debug|x86.ActiveCfg = Debug|Any CPU
		{B605DA58-F366-4CA7-AF30-041A2A311A25}.Release|Any CPU.ActiveCfg = Release|Any CPU
		{B605DA58-F366-4CA7-AF30-041A2A311A25}.Release|Any CPU.Build.0 = Release|Any CPU
		{B605DA58-F366-4CA7-AF30-041A2A311A25}.Release|ARM.ActiveCfg = Release|Any CPU
		{B605DA58-F366-4CA7-AF30-041A2A311A25}.Release|x64.ActiveCfg = Release|Any CPU
		{B605DA58-F366-4CA7-AF30-041A2A311A25}.Release|x86.ActiveCfg = Release|Any CPU
	EndGlobalSection
	GlobalSection(SolutionProperties) = preSolution
		HideSolutionNode = FALSE
	EndGlobalSection
	GlobalSection(NestedProjects) = preSolution
		{B605DA58-F366-4CA7-AF30-041A2A311A25} = {DB6739EE-2B44-43C7-B62D-E4D28A935C3B}
	EndGlobalSection
EndGlobal
