
Microsoft Visual Studio Solution File, Format Version 12.00
# Visual Studio 14
VisualStudioVersion = 14.0.24720.0
MinimumVisualStudioVersion = 10.0.40219.1
Project("{2150E333-8FDC-42A3-9474-1A3956D46DE8}") = "Core", "Core", "{DB6739EE-2B44-43C7-B62D-E4D28A935C3B}"
EndProject
Project("{FAE04EC0-301F-11D3-BF4B-00C04F79EFBC}") = "DvachBrowser3.Core", "DvachBrowser3.Core\DvachBrowser3.Core.csproj", "{B605DA58-F366-4CA7-AF30-041A2A311A25}"
EndProject
Project("{2150E333-8FDC-42A3-9474-1A3956D46DE8}") = "Program", "Program", "{E973B5D7-CF76-4571-825D-849E7A01A7AD}"
EndProject
Project("{FAE04EC0-301F-11D3-BF4B-00C04F79EFBC}") = "DvachBrowser3.TextRender", "DvachBrowser3.TextRender\DvachBrowser3.TextRender.csproj", "{EAA28772-59F6-490D-B680-C2B8DFAE8421}"
EndProject
Project("{FAE04EC0-301F-11D3-BF4B-00C04F79EFBC}") = "DvachBrowser3.Engines.Makaba", "DvachBrowser3.Engines.Makaba\DvachBrowser3.Engines.Makaba.csproj", "{3FE647FF-6685-4E24-9E2E-AFA1CA580690}"
EndProject
Project("{2150E333-8FDC-42A3-9474-1A3956D46DE8}") = "Makaba", "Makaba", "{1B0CBCCF-1F63-4143-9E23-CDF707E72767}"
EndProject
Project("{FAE04EC0-301F-11D3-BF4B-00C04F79EFBC}") = "DvachBrowser3", "DvachBrowser3\DvachBrowser3.csproj", "{88604FCA-4FC8-4BC4-8E26-1B28623F3103}"
EndProject
Project("{FAE04EC0-301F-11D3-BF4B-00C04F79EFBC}") = "DvachBrowser3.Esent", "DvachBrowser3.Esent\DvachBrowser3.Esent.csproj", "{EFC6859D-4285-4EBF-9AD6-02FED7EF047C}"
EndProject
Project("{FAE04EC0-301F-11D3-BF4B-00C04F79EFBC}") = "DvachBrowser3.TextRenderD2D", "DvachBrowser3.TextRenderD2D\DvachBrowser3.TextRenderD2D.csproj", "{3A089C59-D5B6-4229-B4F5-AD70F37028EA}"
EndProject
Project("{2150E333-8FDC-42A3-9474-1A3956D46DE8}") = "TextRender", "TextRender", "{4BC42EAF-5A16-42C5-B022-1485DB873E36}"
EndProject
Project("{2150E333-8FDC-42A3-9474-1A3956D46DE8}") = "Esent", "Esent", "{3856518D-6E69-4654-81F7-FEBE00CF5FCA}"
EndProject
Project("{FAE04EC0-301F-11D3-BF4B-00C04F79EFBC}") = "ApiKeyContainerBuilder", "ApiKeyContainerBuilder\ApiKeyContainerBuilder.csproj", "{2BB28AA9-F1ED-4524-8A14-1B4C435EBA85}"
EndProject
Project("{2150E333-8FDC-42A3-9474-1A3956D46DE8}") = "Utility", "Utility", "{6DF7BD61-303E-4A74-970C-69E8EE65A2A4}"
EndProject
Project("{FAE04EC0-301F-11D3-BF4B-00C04F79EFBC}") = "DvachBrowser3.TextRender2", "DvachBrowser3.TextRender2\DvachBrowser3.TextRender2.csproj", "{B755A698-A514-4205-A02F-BBA42D566F79}"
EndProject
Global
	GlobalSection(SolutionConfigurationPlatforms) = preSolution
		Debug|Any CPU = Debug|Any CPU
		Debug|ARM = Debug|ARM
		Debug|x64 = Debug|x64
		Debug|x86 = Debug|x86
		Release|Any CPU = Release|Any CPU
		Release|ARM = Release|ARM
		Release|x64 = Release|x64
		Release|x86 = Release|x86
	EndGlobalSection
	GlobalSection(ProjectConfigurationPlatforms) = postSolution
		{B605DA58-F366-4CA7-AF30-041A2A311A25}.Debug|Any CPU.ActiveCfg = Debug|Any CPU
		{B605DA58-F366-4CA7-AF30-041A2A311A25}.Debug|Any CPU.Build.0 = Debug|Any CPU
		{B605DA58-F366-4CA7-AF30-041A2A311A25}.Debug|ARM.ActiveCfg = Debug|Any CPU
		{B605DA58-F366-4CA7-AF30-041A2A311A25}.Debug|x64.ActiveCfg = Debug|Any CPU
		{B605DA58-F366-4CA7-AF30-041A2A311A25}.Debug|x86.ActiveCfg = Debug|Any CPU
		{B605DA58-F366-4CA7-AF30-041A2A311A25}.Release|Any CPU.ActiveCfg = Release|Any CPU
		{B605DA58-F366-4CA7-AF30-041A2A311A25}.Release|Any CPU.Build.0 = Release|Any CPU
		{B605DA58-F366-4CA7-AF30-041A2A311A25}.Release|ARM.ActiveCfg = Release|Any CPU
		{B605DA58-F366-4CA7-AF30-041A2A311A25}.Release|x64.ActiveCfg = Release|Any CPU
		{B605DA58-F366-4CA7-AF30-041A2A311A25}.Release|x86.ActiveCfg = Release|Any CPU
		{EAA28772-59F6-490D-B680-C2B8DFAE8421}.Debug|Any CPU.ActiveCfg = Debug|Any CPU
		{EAA28772-59F6-490D-B680-C2B8DFAE8421}.Debug|Any CPU.Build.0 = Debug|Any CPU
		{EAA28772-59F6-490D-B680-C2B8DFAE8421}.Debug|ARM.ActiveCfg = Debug|Any CPU
		{EAA28772-59F6-490D-B680-C2B8DFAE8421}.Debug|x64.ActiveCfg = Debug|Any CPU
		{EAA28772-59F6-490D-B680-C2B8DFAE8421}.Debug|x86.ActiveCfg = Debug|Any CPU
		{EAA28772-59F6-490D-B680-C2B8DFAE8421}.Release|Any CPU.ActiveCfg = Release|Any CPU
		{EAA28772-59F6-490D-B680-C2B8DFAE8421}.Release|Any CPU.Build.0 = Release|Any CPU
		{EAA28772-59F6-490D-B680-C2B8DFAE8421}.Release|ARM.ActiveCfg = Release|Any CPU
		{EAA28772-59F6-490D-B680-C2B8DFAE8421}.Release|x64.ActiveCfg = Release|Any CPU
		{EAA28772-59F6-490D-B680-C2B8DFAE8421}.Release|x86.ActiveCfg = Release|Any CPU
		{3FE647FF-6685-4E24-9E2E-AFA1CA580690}.Debug|Any CPU.ActiveCfg = Debug|Any CPU
		{3FE647FF-6685-4E24-9E2E-AFA1CA580690}.Debug|Any CPU.Build.0 = Debug|Any CPU
		{3FE647FF-6685-4E24-9E2E-AFA1CA580690}.Debug|ARM.ActiveCfg = Debug|Any CPU
		{3FE647FF-6685-4E24-9E2E-AFA1CA580690}.Debug|ARM.Build.0 = Debug|Any CPU
		{3FE647FF-6685-4E24-9E2E-AFA1CA580690}.Debug|x64.ActiveCfg = Debug|Any CPU
		{3FE647FF-6685-4E24-9E2E-AFA1CA580690}.Debug|x64.Build.0 = Debug|Any CPU
		{3FE647FF-6685-4E24-9E2E-AFA1CA580690}.Debug|x86.ActiveCfg = Debug|Any CPU
		{3FE647FF-6685-4E24-9E2E-AFA1CA580690}.Debug|x86.Build.0 = Debug|Any CPU
		{3FE647FF-6685-4E24-9E2E-AFA1CA580690}.Release|Any CPU.ActiveCfg = Release|Any CPU
		{3FE647FF-6685-4E24-9E2E-AFA1CA580690}.Release|Any CPU.Build.0 = Release|Any CPU
		{3FE647FF-6685-4E24-9E2E-AFA1CA580690}.Release|ARM.ActiveCfg = Release|Any CPU
		{3FE647FF-6685-4E24-9E2E-AFA1CA580690}.Release|ARM.Build.0 = Release|Any CPU
		{3FE647FF-6685-4E24-9E2E-AFA1CA580690}.Release|x64.ActiveCfg = Release|Any CPU
		{3FE647FF-6685-4E24-9E2E-AFA1CA580690}.Release|x64.Build.0 = Release|Any CPU
		{3FE647FF-6685-4E24-9E2E-AFA1CA580690}.Release|x86.ActiveCfg = Release|Any CPU
		{3FE647FF-6685-4E24-9E2E-AFA1CA580690}.Release|x86.Build.0 = Release|Any CPU
		{88604FCA-4FC8-4BC4-8E26-1B28623F3103}.Debug|Any CPU.ActiveCfg = Debug|x86
		{88604FCA-4FC8-4BC4-8E26-1B28623F3103}.Debug|ARM.ActiveCfg = Debug|ARM
		{88604FCA-4FC8-4BC4-8E26-1B28623F3103}.Debug|ARM.Build.0 = Debug|ARM
		{88604FCA-4FC8-4BC4-8E26-1B28623F3103}.Debug|ARM.Deploy.0 = Debug|ARM
		{88604FCA-4FC8-4BC4-8E26-1B28623F3103}.Debug|x64.ActiveCfg = Debug|x64
		{88604FCA-4FC8-4BC4-8E26-1B28623F3103}.Debug|x64.Build.0 = Debug|x64
		{88604FCA-4FC8-4BC4-8E26-1B28623F3103}.Debug|x64.Deploy.0 = Debug|x64
		{88604FCA-4FC8-4BC4-8E26-1B28623F3103}.Debug|x86.ActiveCfg = Debug|x86
		{88604FCA-4FC8-4BC4-8E26-1B28623F3103}.Debug|x86.Build.0 = Debug|x86
		{88604FCA-4FC8-4BC4-8E26-1B28623F3103}.Debug|x86.Deploy.0 = Debug|x86
		{88604FCA-4FC8-4BC4-8E26-1B28623F3103}.Release|Any CPU.ActiveCfg = Release|x86
		{88604FCA-4FC8-4BC4-8E26-1B28623F3103}.Release|ARM.ActiveCfg = Release|ARM
		{88604FCA-4FC8-4BC4-8E26-1B28623F3103}.Release|ARM.Build.0 = Release|ARM
		{88604FCA-4FC8-4BC4-8E26-1B28623F3103}.Release|ARM.Deploy.0 = Release|ARM
		{88604FCA-4FC8-4BC4-8E26-1B28623F3103}.Release|x64.ActiveCfg = Release|x64
		{88604FCA-4FC8-4BC4-8E26-1B28623F3103}.Release|x64.Build.0 = Release|x64
		{88604FCA-4FC8-4BC4-8E26-1B28623F3103}.Release|x64.Deploy.0 = Release|x64
		{88604FCA-4FC8-4BC4-8E26-1B28623F3103}.Release|x86.ActiveCfg = Release|x86
		{88604FCA-4FC8-4BC4-8E26-1B28623F3103}.Release|x86.Build.0 = Release|x86
		{88604FCA-4FC8-4BC4-8E26-1B28623F3103}.Release|x86.Deploy.0 = Release|x86
		{EFC6859D-4285-4EBF-9AD6-02FED7EF047C}.Debug|Any CPU.ActiveCfg = Debug|Any CPU
		{EFC6859D-4285-4EBF-9AD6-02FED7EF047C}.Debug|Any CPU.Build.0 = Debug|Any CPU
		{EFC6859D-4285-4EBF-9AD6-02FED7EF047C}.Debug|ARM.ActiveCfg = Debug|ARM
		{EFC6859D-4285-4EBF-9AD6-02FED7EF047C}.Debug|ARM.Build.0 = Debug|ARM
		{EFC6859D-4285-4EBF-9AD6-02FED7EF047C}.Debug|x64.ActiveCfg = Debug|x64
		{EFC6859D-4285-4EBF-9AD6-02FED7EF047C}.Debug|x64.Build.0 = Debug|x64
		{EFC6859D-4285-4EBF-9AD6-02FED7EF047C}.Debug|x86.ActiveCfg = Debug|x86
		{EFC6859D-4285-4EBF-9AD6-02FED7EF047C}.Debug|x86.Build.0 = Debug|x86
		{EFC6859D-4285-4EBF-9AD6-02FED7EF047C}.Release|Any CPU.ActiveCfg = Release|Any CPU
		{EFC6859D-4285-4EBF-9AD6-02FED7EF047C}.Release|Any CPU.Build.0 = Release|Any CPU
		{EFC6859D-4285-4EBF-9AD6-02FED7EF047C}.Release|ARM.ActiveCfg = Release|ARM
		{EFC6859D-4285-4EBF-9AD6-02FED7EF047C}.Release|ARM.Build.0 = Release|ARM
		{EFC6859D-4285-4EBF-9AD6-02FED7EF047C}.Release|x64.ActiveCfg = Release|x64
		{EFC6859D-4285-4EBF-9AD6-02FED7EF047C}.Release|x64.Build.0 = Release|x64
		{EFC6859D-4285-4EBF-9AD6-02FED7EF047C}.Release|x86.ActiveCfg = Release|x86
		{EFC6859D-4285-4EBF-9AD6-02FED7EF047C}.Release|x86.Build.0 = Release|x86
		{3A089C59-D5B6-4229-B4F5-AD70F37028EA}.Debug|Any CPU.ActiveCfg = Debug|Any CPU
		{3A089C59-D5B6-4229-B4F5-AD70F37028EA}.Debug|Any CPU.Build.0 = Debug|Any CPU
		{3A089C59-D5B6-4229-B4F5-AD70F37028EA}.Debug|ARM.ActiveCfg = Debug|ARM
		{3A089C59-D5B6-4229-B4F5-AD70F37028EA}.Debug|ARM.Build.0 = Debug|ARM
		{3A089C59-D5B6-4229-B4F5-AD70F37028EA}.Debug|x64.ActiveCfg = Debug|x64
		{3A089C59-D5B6-4229-B4F5-AD70F37028EA}.Debug|x64.Build.0 = Debug|x64
		{3A089C59-D5B6-4229-B4F5-AD70F37028EA}.Debug|x86.ActiveCfg = Debug|x86
		{3A089C59-D5B6-4229-B4F5-AD70F37028EA}.Debug|x86.Build.0 = Debug|x86
		{3A089C59-D5B6-4229-B4F5-AD70F37028EA}.Release|Any CPU.ActiveCfg = Release|Any CPU
		{3A089C59-D5B6-4229-B4F5-AD70F37028EA}.Release|Any CPU.Build.0 = Release|Any CPU
		{3A089C59-D5B6-4229-B4F5-AD70F37028EA}.Release|ARM.ActiveCfg = Release|ARM
		{3A089C59-D5B6-4229-B4F5-AD70F37028EA}.Release|ARM.Build.0 = Release|ARM
		{3A089C59-D5B6-4229-B4F5-AD70F37028EA}.Release|x64.ActiveCfg = Release|x64
		{3A089C59-D5B6-4229-B4F5-AD70F37028EA}.Release|x64.Build.0 = Release|x64
		{3A089C59-D5B6-4229-B4F5-AD70F37028EA}.Release|x86.ActiveCfg = Release|x86
		{3A089C59-D5B6-4229-B4F5-AD70F37028EA}.Release|x86.Build.0 = Release|x86
		{2BB28AA9-F1ED-4524-8A14-1B4C435EBA85}.Debug|Any CPU.ActiveCfg = Debug|x86
		{2BB28AA9-F1ED-4524-8A14-1B4C435EBA85}.Debug|ARM.ActiveCfg = Debug|ARM
		{2BB28AA9-F1ED-4524-8A14-1B4C435EBA85}.Debug|ARM.Build.0 = Debug|ARM
		{2BB28AA9-F1ED-4524-8A14-1B4C435EBA85}.Debug|ARM.Deploy.0 = Debug|ARM
		{2BB28AA9-F1ED-4524-8A14-1B4C435EBA85}.Debug|x64.ActiveCfg = Debug|x64
		{2BB28AA9-F1ED-4524-8A14-1B4C435EBA85}.Debug|x64.Build.0 = Debug|x64
		{2BB28AA9-F1ED-4524-8A14-1B4C435EBA85}.Debug|x64.Deploy.0 = Debug|x64
		{2BB28AA9-F1ED-4524-8A14-1B4C435EBA85}.Debug|x86.ActiveCfg = Debug|x86
		{2BB28AA9-F1ED-4524-8A14-1B4C435EBA85}.Debug|x86.Build.0 = Debug|x86
		{2BB28AA9-F1ED-4524-8A14-1B4C435EBA85}.Debug|x86.Deploy.0 = Debug|x86
		{2BB28AA9-F1ED-4524-8A14-1B4C435EBA85}.Release|Any CPU.ActiveCfg = Release|x86
		{2BB28AA9-F1ED-4524-8A14-1B4C435EBA85}.Release|ARM.ActiveCfg = Release|ARM
		{2BB28AA9-F1ED-4524-8A14-1B4C435EBA85}.Release|ARM.Build.0 = Release|ARM
		{2BB28AA9-F1ED-4524-8A14-1B4C435EBA85}.Release|ARM.Deploy.0 = Release|ARM
		{2BB28AA9-F1ED-4524-8A14-1B4C435EBA85}.Release|x64.ActiveCfg = Release|x64
		{2BB28AA9-F1ED-4524-8A14-1B4C435EBA85}.Release|x64.Build.0 = Release|x64
		{2BB28AA9-F1ED-4524-8A14-1B4C435EBA85}.Release|x64.Deploy.0 = Release|x64
		{2BB28AA9-F1ED-4524-8A14-1B4C435EBA85}.Release|x86.ActiveCfg = Release|x86
		{2BB28AA9-F1ED-4524-8A14-1B4C435EBA85}.Release|x86.Build.0 = Release|x86
		{2BB28AA9-F1ED-4524-8A14-1B4C435EBA85}.Release|x86.Deploy.0 = Release|x86
		{B755A698-A514-4205-A02F-BBA42D566F79}.Debug|Any CPU.ActiveCfg = Debug|Any CPU
		{B755A698-A514-4205-A02F-BBA42D566F79}.Debug|Any CPU.Build.0 = Debug|Any CPU
		{B755A698-A514-4205-A02F-BBA42D566F79}.Debug|ARM.ActiveCfg = Debug|ARM
		{B755A698-A514-4205-A02F-BBA42D566F79}.Debug|ARM.Build.0 = Debug|ARM
		{B755A698-A514-4205-A02F-BBA42D566F79}.Debug|x64.ActiveCfg = Debug|x64
		{B755A698-A514-4205-A02F-BBA42D566F79}.Debug|x64.Build.0 = Debug|x64
		{B755A698-A514-4205-A02F-BBA42D566F79}.Debug|x86.ActiveCfg = Debug|x86
		{B755A698-A514-4205-A02F-BBA42D566F79}.Debug|x86.Build.0 = Debug|x86
		{B755A698-A514-4205-A02F-BBA42D566F79}.Release|Any CPU.ActiveCfg = Release|Any CPU
		{B755A698-A514-4205-A02F-BBA42D566F79}.Release|Any CPU.Build.0 = Release|Any CPU
		{B755A698-A514-4205-A02F-BBA42D566F79}.Release|ARM.ActiveCfg = Release|ARM
		{B755A698-A514-4205-A02F-BBA42D566F79}.Release|ARM.Build.0 = Release|ARM
		{B755A698-A514-4205-A02F-BBA42D566F79}.Release|x64.ActiveCfg = Release|x64
		{B755A698-A514-4205-A02F-BBA42D566F79}.Release|x64.Build.0 = Release|x64
		{B755A698-A514-4205-A02F-BBA42D566F79}.Release|x86.ActiveCfg = Release|x86
		{B755A698-A514-4205-A02F-BBA42D566F79}.Release|x86.Build.0 = Release|x86
	EndGlobalSection
	GlobalSection(SolutionProperties) = preSolution
		HideSolutionNode = FALSE
	EndGlobalSection
	GlobalSection(NestedProjects) = preSolution
		{B605DA58-F366-4CA7-AF30-041A2A311A25} = {DB6739EE-2B44-43C7-B62D-E4D28A935C3B}
		{EAA28772-59F6-490D-B680-C2B8DFAE8421} = {4BC42EAF-5A16-42C5-B022-1485DB873E36}
		{3FE647FF-6685-4E24-9E2E-AFA1CA580690} = {1B0CBCCF-1F63-4143-9E23-CDF707E72767}
		{1B0CBCCF-1F63-4143-9E23-CDF707E72767} = {DB6739EE-2B44-43C7-B62D-E4D28A935C3B}
		{88604FCA-4FC8-4BC4-8E26-1B28623F3103} = {E973B5D7-CF76-4571-825D-849E7A01A7AD}
		{EFC6859D-4285-4EBF-9AD6-02FED7EF047C} = {3856518D-6E69-4654-81F7-FEBE00CF5FCA}
		{3A089C59-D5B6-4229-B4F5-AD70F37028EA} = {4BC42EAF-5A16-42C5-B022-1485DB873E36}
		{4BC42EAF-5A16-42C5-B022-1485DB873E36} = {DB6739EE-2B44-43C7-B62D-E4D28A935C3B}
		{3856518D-6E69-4654-81F7-FEBE00CF5FCA} = {DB6739EE-2B44-43C7-B62D-E4D28A935C3B}
		{2BB28AA9-F1ED-4524-8A14-1B4C435EBA85} = {6DF7BD61-303E-4A74-970C-69E8EE65A2A4}
		{B755A698-A514-4205-A02F-BBA42D566F79} = {4BC42EAF-5A16-42C5-B022-1485DB873E36}
	EndGlobalSection
EndGlobal
