<?xml version="1.0" encoding="utf-8"?>
<Project ToolsVersion="14.0" xmlns="http://schemas.microsoft.com/developer/msbuild/2003">
  <ItemGroup>
    <Filter Include="Resources">
      <UniqueIdentifier>a9caeb47-f9eb-4429-bbbd-2d3045a1c225</UniqueIdentifier>
      <Extensions>rc;ico;cur;bmp;dlg;rc2;rct;bin;rgs;gif;jpg;jpeg;jpe;resx;tga;tiff;tif;png;wav;mfcribbon-ms</Extensions>
    </Filter>
  </ItemGroup>
  <ItemGroup>
    <ClCompile Include="pch.cpp" />
    <ClCompile Include="MappingHelper.cpp" />
    <ClCompile Include="MassChildUpdateHelper.cpp" />
    <ClCompile Include="XamlRenderHelper.cpp" />
  </ItemGroup>
  <ItemGroup>
    <ClInclude Include="pch.h" />
    <ClInclude Include="MappingHelper.h" />
    <ClInclude Include="TextAttributeFlags.h" />
    <ClInclude Include="MappingHelperArg.h" />
    <ClInclude Include="MassChildUpdateHelper.h" />
    <ClInclude Include="ILinkData.h" />
    <ClInclude Include="IRenderCallback.h" />
    <ClInclude Include="IRenderArgument.h" />
    <ClInclude Include="XamlRenderHelper.h" />
  </ItemGroup>
  <ItemGroup>
    <None Include="packages.config" />
  </ItemGroup>
</Project>